
Microsoft Visual Studio Solution File, Format Version 12.00
# Visual Studio Version 17
VisualStudioVersion = 17.13.36105.23 d17.13
MinimumVisualStudioVersion = 10.0.40219.1
Project("{FAE04EC0-301F-11D3-BF4B-00C04F79EFBC}") = "ClientApplicationOne", "ClientApplicationOne\ClientApplicationOne.csproj", "{A908C4E3-54EA-4318-837E-A046D1079EA8}"
EndProject
Global
	GlobalSection(SolutionConfigurationPlatforms) = preSolution
		Debug|Any CPU = Debug|Any CPU
		Release|Any CPU = Release|Any CPU
	EndGlobalSection
	GlobalSection(ProjectConfigurationPlatforms) = postSolution
		{A908C4E3-54EA-4318-837E-A046D1079EA8}.Debug|Any CPU.ActiveCfg = Debug|Any CPU
		{A908C4E3-54EA-4318-837E-A046D1079EA8}.Debug|Any CPU.Build.0 = Debug|Any CPU
		{A908C4E3-54EA-4318-837E-A046D1079EA8}.Release|Any CPU.ActiveCfg = Release|Any CPU
		{A908C4E3-54EA-4318-837E-A046D1079EA8}.Release|Any CPU.Build.0 = Release|Any CPU
	EndGlobalSection
	GlobalSection(SolutionProperties) = preSolution
		HideSolutionNode = FALSE
	EndGlobalSection
	GlobalSection(ExtensibilityGlobals) = postSolution
		SolutionGuid = {5AB283D5-8B72-49BA-BD46-8E7BDBA86882}
	EndGlobalSection
EndGlobal
