
Microsoft Visual Studio Solution File, Format Version 12.00
# Visual Studio Version 17
VisualStudioVersion = 17.14.36327.8 d17.14
MinimumVisualStudioVersion = 10.0.40219.1
Project("{FAE04EC0-301F-11D3-BF4B-00C04F79EFBC}") = "ClientApplicationTwo", "ClientApplicationTwo\ClientApplicationTwo.csproj", "{C007EF48-A594-427A-AB92-35DDC66B45C9}"
EndProject
Global
	GlobalSection(SolutionConfigurationPlatforms) = preSolution
		Debug|Any CPU = Debug|Any CPU
		Release|Any CPU = Release|Any CPU
	EndGlobalSection
	GlobalSection(ProjectConfigurationPlatforms) = postSolution
		{C007EF48-A594-427A-AB92-35DDC66B45C9}.Debug|Any CPU.ActiveCfg = Debug|Any CPU
		{C007EF48-A594-427A-AB92-35DDC66B45C9}.Debug|Any CPU.Build.0 = Debug|Any CPU
		{C007EF48-A594-427A-AB92-35DDC66B45C9}.Release|Any CPU.ActiveCfg = Release|Any CPU
		{C007EF48-A594-427A-AB92-35DDC66B45C9}.Release|Any CPU.Build.0 = Release|Any CPU
	EndGlobalSection
	GlobalSection(SolutionProperties) = preSolution
		HideSolutionNode = FALSE
	EndGlobalSection
	GlobalSection(ExtensibilityGlobals) = postSolution
		SolutionGuid = {0A9D19D8-10AE-4D40-933B-5CEE2BC0B353}
	EndGlobalSection
EndGlobal
